
Microsoft Visual Studio Solution File, Format Version 12.00
# Visual Studio Version 17
VisualStudioVersion = 17.13.35828.75 d17.13
MinimumVisualStudioVersion = 10.0.40219.1
Project("{FAE04EC0-301F-11D3-BF4B-00C04F79EFBC}") = "Dino runner", "Dino runner\Dino runner.csproj", "{34860F1B-401A-4ACC-B9B4-AB75B2B6F2ED}"
EndProject
Global
	GlobalSection(SolutionConfigurationPlatforms) = preSolution
		Debug|Any CPU = Debug|Any CPU
		Release|Any CPU = Release|Any CPU
	EndGlobalSection
	GlobalSection(ProjectConfigurationPlatforms) = postSolution
		{34860F1B-401A-4ACC-B9B4-AB75B2B6F2ED}.Debug|Any CPU.ActiveCfg = Debug|Any CPU
		{34860F1B-401A-4ACC-B9B4-AB75B2B6F2ED}.Debug|Any CPU.Build.0 = Debug|Any CPU
		{34860F1B-401A-4ACC-B9B4-AB75B2B6F2ED}.Release|Any CPU.ActiveCfg = Release|Any CPU
		{34860F1B-401A-4ACC-B9B4-AB75B2B6F2ED}.Release|Any CPU.Build.0 = Release|Any CPU
	EndGlobalSection
	GlobalSection(SolutionProperties) = preSolution
		HideSolutionNode = FALSE
	EndGlobalSection
	GlobalSection(ExtensibilityGlobals) = postSolution
		SolutionGuid = {E2B64A79-A608-4F52-A68D-176D0B056C9C}
	EndGlobalSection
EndGlobal
